// !$*UTF8*$!
{
	archiveVersion = 1;
	classes = {
	};
	objectVersion = 52;
	objects = {

/* Begin PBXBuildFile section */
		621AF81A249D091500B6AA3B /* AppDelegate.swift in Sources */ = {isa = PBXBuildFile; fileRef = 621AF819249D091500B6AA3B /* AppDelegate.swift */; };
		621AF81C249D091500B6AA3B /* SceneDelegate.swift in Sources */ = {isa = PBXBuildFile; fileRef = 621AF81B249D091500B6AA3B /* SceneDelegate.swift */; };
		621AF81E249D091500B6AA3B /* ViewController.swift in Sources */ = {isa = PBXBuildFile; fileRef = 621AF81D249D091500B6AA3B /* ViewController.swift */; };
		621AF821249D091500B6AA3B /* Main.storyboard in Resources */ = {isa = PBXBuildFile; fileRef = 621AF81F249D091500B6AA3B /* Main.storyboard */; };
		621AF823249D091700B6AA3B /* Assets.xcassets in Resources */ = {isa = PBXBuildFile; fileRef = 621AF822249D091700B6AA3B /* Assets.xcassets */; };
		621AF826249D091700B6AA3B /* LaunchScreen.storyboard in Resources */ = {isa = PBXBuildFile; fileRef = 621AF824249D091700B6AA3B /* LaunchScreen.storyboard */; };
		621AF82E249D095E00B6AA3B /* GoogleService-Info.plist in Resources */ = {isa = PBXBuildFile; fileRef = 621AF82D249D095E00B6AA3B /* GoogleService-Info.plist */; };
		621AF832249D124C00B6AA3B /* SnapKit in Frameworks */ = {isa = PBXBuildFile; productRef = 621AF831249D124C00B6AA3B /* SnapKit */; };
		6FE0026ABC27F70AD482430A /* Pods_EventGesture.framework in Frameworks */ = {isa = PBXBuildFile; fileRef = 4B93985B94B572504ED88706 /* Pods_EventGesture.framework */; };
/* End PBXBuildFile section */

/* Begin PBXFileReference section */
		4B93985B94B572504ED88706 /* Pods_EventGesture.framework */ = {isa = PBXFileReference; explicitFileType = wrapper.framework; includeInIndex = 0; path = Pods_EventGesture.framework; sourceTree = BUILT_PRODUCTS_DIR; };
		621AF816249D091500B6AA3B /* EventGesture.app */ = {isa = PBXFileReference; explicitFileType = wrapper.application; includeInIndex = 0; path = EventGesture.app; sourceTree = BUILT_PRODUCTS_DIR; };
		621AF819249D091500B6AA3B /* AppDelegate.swift */ = {isa = PBXFileReference; lastKnownFileType = sourcecode.swift; path = AppDelegate.swift; sourceTree = "<group>"; };
		621AF81B249D091500B6AA3B /* SceneDelegate.swift */ = {isa = PBXFileReference; lastKnownFileType = sourcecode.swift; path = SceneDelegate.swift; sourceTree = "<group>"; };
		621AF81D249D091500B6AA3B /* ViewController.swift */ = {isa = PBXFileReference; lastKnownFileType = sourcecode.swift; path = ViewController.swift; sourceTree = "<group>"; };
		621AF820249D091500B6AA3B /* Base */ = {isa = PBXFileReference; lastKnownFileType = file.storyboard; name = Base; path = Base.lproj/Main.storyboard; sourceTree = "<group>"; };
		621AF822249D091700B6AA3B /* Assets.xcassets */ = {isa = PBXFileReference; lastKnownFileType = folder.assetcatalog; path = Assets.xcassets; sourceTree = "<group>"; };
		621AF825249D091700B6AA3B /* Base */ = {isa = PBXFileReference; lastKnownFileType = file.storyboard; name = Base; path = Base.lproj/LaunchScreen.storyboard; sourceTree = "<group>"; };
		621AF827249D091700B6AA3B /* Info.plist */ = {isa = PBXFileReference; lastKnownFileType = text.plist.xml; path = Info.plist; sourceTree = "<group>"; };
		621AF82D249D095E00B6AA3B /* GoogleService-Info.plist */ = {isa = PBXFileReference; fileEncoding = 4; lastKnownFileType = text.plist.xml; path = "GoogleService-Info.plist"; sourceTree = "<group>"; };
		621AF82F249D0EB500B6AA3B /* EventGesture.entitlements */ = {isa = PBXFileReference; lastKnownFileType = text.plist.entitlements; path = EventGesture.entitlements; sourceTree = "<group>"; };
		BEF85DBE65CD009CBF780671 /* Pods-EventGesture.release.xcconfig */ = {isa = PBXFileReference; includeInIndex = 1; lastKnownFileType = text.xcconfig; name = "Pods-EventGesture.release.xcconfig"; path = "Target Support Files/Pods-EventGesture/Pods-EventGesture.release.xcconfig"; sourceTree = "<group>"; };
		F1E89FA4C97AF992145EEEA8 /* Pods-EventGesture.debug.xcconfig */ = {isa = PBXFileReference; includeInIndex = 1; lastKnownFileType = text.xcconfig; name = "Pods-EventGesture.debug.xcconfig"; path = "Target Support Files/Pods-EventGesture/Pods-EventGesture.debug.xcconfig"; sourceTree = "<group>"; };
/* End PBXFileReference section */

/* Begin PBXFrameworksBuildPhase section */
		621AF813249D091500B6AA3B /* Frameworks */ = {
			isa = PBXFrameworksBuildPhase;
			buildActionMask = 2147483647;
			files = (
				6FE0026ABC27F70AD482430A /* Pods_EventGesture.framework in Frameworks */,
				621AF832249D124C00B6AA3B /* SnapKit in Frameworks */,
			);
			runOnlyForDeploymentPostprocessing = 0;
		};
/* End PBXFrameworksBuildPhase section */

/* Begin PBXGroup section */
		621AF80D249D091500B6AA3B = {
			isa = PBXGroup;
			children = (
				621AF818249D091500B6AA3B /* EventGesture */,
				621AF817249D091500B6AA3B /* Products */,
				FF05FA01D64F7F50983139E7 /* Pods */,
				B29606DBD08CCA4DA26F7B4D /* Frameworks */,
			);
			sourceTree = "<group>";
		};
		621AF817249D091500B6AA3B /* Products */ = {
			isa = PBXGroup;
			children = (
				621AF816249D091500B6AA3B /* EventGesture.app */,
			);
			name = Products;
			sourceTree = "<group>";
		};
		621AF818249D091500B6AA3B /* EventGesture */ = {
			isa = PBXGroup;
			children = (
				621AF82F249D0EB500B6AA3B /* EventGesture.entitlements */,
				621AF819249D091500B6AA3B /* AppDelegate.swift */,
				621AF81B249D091500B6AA3B /* SceneDelegate.swift */,
				621AF81D249D091500B6AA3B /* ViewController.swift */,
				621AF81F249D091500B6AA3B /* Main.storyboard */,
				621AF822249D091700B6AA3B /* Assets.xcassets */,
				621AF824249D091700B6AA3B /* LaunchScreen.storyboard */,
				621AF827249D091700B6AA3B /* Info.plist */,
				621AF82D249D095E00B6AA3B /* GoogleService-Info.plist */,
			);
			path = EventGesture;
			sourceTree = "<group>";
		};
		B29606DBD08CCA4DA26F7B4D /* Frameworks */ = {
			isa = PBXGroup;
			children = (
				4B93985B94B572504ED88706 /* Pods_EventGesture.framework */,
			);
			name = Frameworks;
			sourceTree = "<group>";
		};
		FF05FA01D64F7F50983139E7 /* Pods */ = {
			isa = PBXGroup;
			children = (
				F1E89FA4C97AF992145EEEA8 /* Pods-EventGesture.debug.xcconfig */,
				BEF85DBE65CD009CBF780671 /* Pods-EventGesture.release.xcconfig */,
			);
			path = Pods;
			sourceTree = "<group>";
		};
/* End PBXGroup section */

/* Begin PBXNativeTarget section */
		621AF815249D091500B6AA3B /* EventGesture */ = {
			isa = PBXNativeTarget;
			buildConfigurationList = 621AF82A249D091700B6AA3B /* Build configuration list for PBXNativeTarget "EventGesture" */;
			buildPhases = (
				EFFAEF114B6086F5CE056719 /* [CP] Check Pods Manifest.lock */,
				621AF812249D091500B6AA3B /* Sources */,
				621AF813249D091500B6AA3B /* Frameworks */,
				621AF814249D091500B6AA3B /* Resources */,
				D72E8769E4C1FEA485C2EA08 /* [CP] Embed Pods Frameworks */,
			);
			buildRules = (
			);
			dependencies = (
			);
			name = EventGesture;
			packageProductDependencies = (
				621AF831249D124C00B6AA3B /* SnapKit */,
			);
			productName = EventGesture;
			productReference = 621AF816249D091500B6AA3B /* EventGesture.app */;
			productType = "com.apple.product-type.application";
		};
/* End PBXNativeTarget section */

/* Begin PBXProject section */
		621AF80E249D091500B6AA3B /* Project object */ = {
			isa = PBXProject;
			attributes = {
				LastSwiftUpdateCheck = 1150;
				LastUpgradeCheck = 1150;
				ORGANIZATIONNAME = "Serxhio Gugo";
				TargetAttributes = {
					621AF815249D091500B6AA3B = {
						CreatedOnToolsVersion = 11.5;
					};
				};
			};
			buildConfigurationList = 621AF811249D091500B6AA3B /* Build configuration list for PBXProject "EventGesture" */;
			compatibilityVersion = "Xcode 9.3";
			developmentRegion = en;
			hasScannedForEncodings = 0;
			knownRegions = (
				en,
				Base,
			);
			mainGroup = 621AF80D249D091500B6AA3B;
			packageReferences = (
				621AF830249D124C00B6AA3B /* XCRemoteSwiftPackageReference "SnapKit" */,
			);
			productRefGroup = 621AF817249D091500B6AA3B /* Products */;
			projectDirPath = "";
			projectRoot = "";
			targets = (
				621AF815249D091500B6AA3B /* EventGesture */,
			);
		};
/* End PBXProject section */

/* Begin PBXResourcesBuildPhase section */
		621AF814249D091500B6AA3B /* Resources */ = {
			isa = PBXResourcesBuildPhase;
			buildActionMask = 2147483647;
			files = (
				621AF826249D091700B6AA3B /* LaunchScreen.storyboard in Resources */,
				621AF82E249D095E00B6AA3B /* GoogleService-Info.plist in Resources */,
				621AF823249D091700B6AA3B /* Assets.xcassets in Resources */,
				621AF821249D091500B6AA3B /* Main.storyboard in Resources */,
			);
			runOnlyForDeploymentPostprocessing = 0;
		};
/* End PBXResourcesBuildPhase section */

/* Begin PBXShellScriptBuildPhase section */
		D72E8769E4C1FEA485C2EA08 /* [CP] Embed Pods Frameworks */ = {
			isa = PBXShellScriptBuildPhase;
			buildActionMask = 2147483647;
			files = (
			);
			inputFileListPaths = (
				"${PODS_ROOT}/Target Support Files/Pods-EventGesture/Pods-EventGesture-frameworks-${CONFIGURATION}-input-files.xcfilelist",
			);
			name = "[CP] Embed Pods Frameworks";
			outputFileListPaths = (
				"${PODS_ROOT}/Target Support Files/Pods-EventGesture/Pods-EventGesture-frameworks-${CONFIGURATION}-output-files.xcfilelist",
			);
			runOnlyForDeploymentPostprocessing = 0;
			shellPath = /bin/sh;
			shellScript = "\"${PODS_ROOT}/Target Support Files/Pods-EventGesture/Pods-EventGesture-frameworks.sh\"\n";
			showEnvVarsInLog = 0;
		};
		EFFAEF114B6086F5CE056719 /* [CP] Check Pods Manifest.lock */ = {
			isa = PBXShellScriptBuildPhase;
			buildActionMask = 2147483647;
			files = (
			);
			inputFileListPaths = (
			);
			inputPaths = (
				"${PODS_PODFILE_DIR_PATH}/Podfile.lock",
				"${PODS_ROOT}/Manifest.lock",
			);
			name = "[CP] Check Pods Manifest.lock";
			outputFileListPaths = (
			);
			outputPaths = (
				"$(DERIVED_FILE_DIR)/Pods-EventGesture-checkManifestLockResult.txt",
			);
			runOnlyForDeploymentPostprocessing = 0;
			shellPath = /bin/sh;
			shellScript = "diff \"${PODS_PODFILE_DIR_PATH}/Podfile.lock\" \"${PODS_ROOT}/Manifest.lock\" > /dev/null\nif [ $? != 0 ] ; then\n    # print error to STDERR\n    echo \"error: The sandbox is not in sync with the Podfile.lock. Run 'pod install' or update your CocoaPods installation.\" >&2\n    exit 1\nfi\n# This output is used by Xcode 'outputs' to avoid re-running this script phase.\necho \"SUCCESS\" > \"${SCRIPT_OUTPUT_FILE_0}\"\n";
			showEnvVarsInLog = 0;
		};
/* End PBXShellScriptBuildPhase section */

/* Begin PBXSourcesBuildPhase section */
		621AF812249D091500B6AA3B /* Sources */ = {
			isa = PBXSourcesBuildPhase;
			buildActionMask = 2147483647;
			files = (
				621AF81E249D091500B6AA3B /* ViewController.swift in Sources */,
				621AF81A249D091500B6AA3B /* AppDelegate.swift in Sources */,
				621AF81C249D091500B6AA3B /* SceneDelegate.swift in Sources */,
			);
			runOnlyForDeploymentPostprocessing = 0;
		};
/* End PBXSourcesBuildPhase section */

/* Begin PBXVariantGroup section */
		621AF81F249D091500B6AA3B /* Main.storyboard */ = {
			isa = PBXVariantGroup;
			children = (
				621AF820249D091500B6AA3B /* Base */,
			);
			name = Main.storyboard;
			sourceTree = "<group>";
		};
		621AF824249D091700B6AA3B /* LaunchScreen.storyboard */ = {
			isa = PBXVariantGroup;
			children = (
				621AF825249D091700B6AA3B /* Base */,
			);
			name = LaunchScreen.storyboard;
			sourceTree = "<group>";
		};
/* End PBXVariantGroup section */

/* Begin XCBuildConfiguration section */
		621AF828249D091700B6AA3B /* Debug */ = {
			isa = XCBuildConfiguration;
			buildSettings = {
				ALWAYS_SEARCH_USER_PATHS = NO;
				CLANG_ANALYZER_NONNULL = YES;
				CLANG_ANALYZER_NUMBER_OBJECT_CONVERSION = YES_AGGRESSIVE;
				CLANG_CXX_LANGUAGE_STANDARD = "gnu++14";
				CLANG_CXX_LIBRARY = "libc++";
				CLANG_ENABLE_MODULES = YES;
				CLANG_ENABLE_OBJC_ARC = YES;
				CLANG_ENABLE_OBJC_WEAK = YES;
				CLANG_WARN_BLOCK_CAPTURE_AUTORELEASING = YES;
				CLANG_WARN_BOOL_CONVERSION = YES;
				CLANG_WARN_COMMA = YES;
				CLANG_WARN_CONSTANT_CONVERSION = YES;
				CLANG_WARN_DEPRECATED_OBJC_IMPLEMENTATIONS = YES;
				CLANG_WARN_DIRECT_OBJC_ISA_USAGE = YES_ERROR;
				CLANG_WARN_DOCUMENTATION_COMMENTS = YES;
				CLANG_WARN_EMPTY_BODY = YES;
				CLANG_WARN_ENUM_CONVERSION = YES;
				CLANG_WARN_INFINITE_RECURSION = YES;
				CLANG_WARN_INT_CONVERSION = YES;
				CLANG_WARN_NON_LITERAL_NULL_CONVERSION = YES;
				CLANG_WARN_OBJC_IMPLICIT_RETAIN_SELF = YES;
				CLANG_WARN_OBJC_LITERAL_CONVERSION = YES;
				CLANG_WARN_OBJC_ROOT_CLASS = YES_ERROR;
				CLANG_WARN_RANGE_LOOP_ANALYSIS = YES;
				CLANG_WARN_STRICT_PROTOTYPES = YES;
				CLANG_WARN_SUSPICIOUS_MOVE = YES;
				CLANG_WARN_UNGUARDED_AVAILABILITY = YES_AGGRESSIVE;
				CLANG_WARN_UNREACHABLE_CODE = YES;
				CLANG_WARN__DUPLICATE_METHOD_MATCH = YES;
				COPY_PHASE_STRIP = NO;
				DEBUG_INFORMATION_FORMAT = dwarf;
				ENABLE_STRICT_OBJC_MSGSEND = YES;
				ENABLE_TESTABILITY = YES;
				GCC_C_LANGUAGE_STANDARD = gnu11;
				GCC_DYNAMIC_NO_PIC = NO;
				GCC_NO_COMMON_BLOCKS = YES;
				GCC_OPTIMIZATION_LEVEL = 0;
				GCC_PREPROCESSOR_DEFINITIONS = (
					"DEBUG=1",
					"$(inherited)",
				);
				GCC_WARN_64_TO_32_BIT_CONVERSION = YES;
				GCC_WARN_ABOUT_RETURN_TYPE = YES_ERROR;
				GCC_WARN_UNDECLARED_SELECTOR = YES;
				GCC_WARN_UNINITIALIZED_AUTOS = YES_AGGRESSIVE;
				GCC_WARN_UNUSED_FUNCTION = YES;
				GCC_WARN_UNUSED_VARIABLE = YES;
				IPHONEOS_DEPLOYMENT_TARGET = 13.5;
				MTL_ENABLE_DEBUG_INFO = INCLUDE_SOURCE;
				MTL_FAST_MATH = YES;
				ONLY_ACTIVE_ARCH = YES;
				SDKROOT = iphoneos;
				SWIFT_ACTIVE_COMPILATION_CONDITIONS = DEBUG;
				SWIFT_OPTIMIZATION_LEVEL = "-Onone";
			};
			name = Debug;
		};
		621AF829249D091700B6AA3B /* Release */ = {
			isa = XCBuildConfiguration;
			buildSettings = {
				ALWAYS_SEARCH_USER_PATHS = NO;
				CLANG_ANALYZER_NONNULL = YES;
				CLANG_ANALYZER_NUMBER_OBJECT_CONVERSION = YES_AGGRESSIVE;
				CLANG_CXX_LANGUAGE_STANDARD = "gnu++14";
				CLANG_CXX_LIBRARY = "libc++";
				CLANG_ENABLE_MODULES = YES;
				CLANG_ENABLE_OBJC_ARC = YES;
				CLANG_ENABLE_OBJC_WEAK = YES;
				CLANG_WARN_BLOCK_CAPTURE_AUTORELEASING = YES;
				CLANG_WARN_BOOL_CONVERSION = YES;
				CLANG_WARN_COMMA = YES;
				CLANG_WARN_CONSTANT_CONVERSION = YES;
				CLANG_WARN_DEPRECATED_OBJC_IMPLEMENTATIONS = YES;
				CLANG_WARN_DIRECT_OBJC_ISA_USAGE = YES_ERROR;
				CLANG_WARN_DOCUMENTATION_COMMENTS = YES;
				CLANG_WARN_EMPTY_BODY = YES;
				CLANG_WARN_ENUM_CONVERSION = YES;
				CLANG_WARN_INFINITE_RECURSION = YES;
				CLANG_WARN_INT_CONVERSION = YES;
				CLANG_WARN_NON_LITERAL_NULL_CONVERSION = YES;
				CLANG_WARN_OBJC_IMPLICIT_RETAIN_SELF = YES;
				CLANG_WARN_OBJC_LITERAL_CONVERSION = YES;
				CLANG_WARN_OBJC_ROOT_CLASS = YES_ERROR;
				CLANG_WARN_RANGE_LOOP_ANALYSIS = YES;
				CLANG_WARN_STRICT_PROTOTYPES = YES;
				CLANG_WARN_SUSPICIOUS_MOVE = YES;
				CLANG_WARN_UNGUARDED_AVAILABILITY = YES_AGGRESSIVE;
				CLANG_WARN_UNREACHABLE_CODE = YES;
				CLANG_WARN__DUPLICATE_METHOD_MATCH = YES;
				COPY_PHASE_STRIP = NO;
				DEBUG_INFORMATION_FORMAT = "dwarf-with-dsym";
				ENABLE_NS_ASSERTIONS = NO;
				ENABLE_STRICT_OBJC_MSGSEND = YES;
				GCC_C_LANGUAGE_STANDARD = gnu11;
				GCC_NO_COMMON_BLOCKS = YES;
				GCC_WARN_64_TO_32_BIT_CONVERSION = YES;
				GCC_WARN_ABOUT_RETURN_TYPE = YES_ERROR;
				GCC_WARN_UNDECLARED_SELECTOR = YES;
				GCC_WARN_UNINITIALIZED_AUTOS = YES_AGGRESSIVE;
				GCC_WARN_UNUSED_FUNCTION = YES;
				GCC_WARN_UNUSED_VARIABLE = YES;
				IPHONEOS_DEPLOYMENT_TARGET = 13.5;
				MTL_ENABLE_DEBUG_INFO = NO;
				MTL_FAST_MATH = YES;
				SDKROOT = iphoneos;
				SWIFT_COMPILATION_MODE = wholemodule;
				SWIFT_OPTIMIZATION_LEVEL = "-O";
				VALIDATE_PRODUCT = YES;
			};
			name = Release;
		};
		621AF82B249D091700B6AA3B /* Debug */ = {
			isa = XCBuildConfiguration;
			baseConfigurationReference = F1E89FA4C97AF992145EEEA8 /* Pods-EventGesture.debug.xcconfig */;
			buildSettings = {
				ASSETCATALOG_COMPILER_APPICON_NAME = AppIcon;
				CODE_SIGN_ENTITLEMENTS = EventGesture/EventGesture.entitlements;
				CODE_SIGN_STYLE = Automatic;
				DEVELOPMENT_TEAM = H5U56L4EAR;
				INFOPLIST_FILE = EventGesture/Info.plist;
				LD_RUNPATH_SEARCH_PATHS = (
					"$(inherited)",
					"@executable_path/Frameworks",
				);
				PRODUCT_BUNDLE_IDENTIFIER = com.serxhiogugo.EventGesture;
				PRODUCT_NAME = "$(TARGET_NAME)";
				SWIFT_VERSION = 5.0;
				TARGETED_DEVICE_FAMILY = "1,2";
			};
			name = Debug;
		};
		621AF82C249D091700B6AA3B /* Release */ = {
			isa = XCBuildConfiguration;
			baseConfigurationReference = BEF85DBE65CD009CBF780671 /* Pods-EventGesture.release.xcconfig */;
			buildSettings = {
				ASSETCATALOG_COMPILER_APPICON_NAME = AppIcon;
				CODE_SIGN_ENTITLEMENTS = EventGesture/EventGesture.entitlements;
				CODE_SIGN_STYLE = Automatic;
				DEVELOPMENT_TEAM = H5U56L4EAR;
				INFOPLIST_FILE = EventGesture/Info.plist;
				LD_RUNPATH_SEARCH_PATHS = (
					"$(inherited)",
					"@executable_path/Frameworks",
				);
				PRODUCT_BUNDLE_IDENTIFIER = com.serxhiogugo.EventGesture;
				PRODUCT_NAME = "$(TARGET_NAME)";
				SWIFT_VERSION = 5.0;
				TARGETED_DEVICE_FAMILY = "1,2";
			};
			name = Release;
		};
/* End XCBuildConfiguration section */

/* Begin XCConfigurationList section */
		621AF811249D091500B6AA3B /* Build configuration list for PBXProject "EventGesture" */ = {
			isa = XCConfigurationList;
			buildConfigurations = (
				621AF828249D091700B6AA3B /* Debug */,
				621AF829249D091700B6AA3B /* Release */,
			);
			defaultConfigurationIsVisible = 0;
			defaultConfigurationName = Release;
		};
		621AF82A249D091700B6AA3B /* Build configuration list for PBXNativeTarget "EventGesture" */ = {
			isa = XCConfigurationList;
			buildConfigurations = (
				621AF82B249D091700B6AA3B /* Debug */,
				621AF82C249D091700B6AA3B /* Release */,
			);
			defaultConfigurationIsVisible = 0;
			defaultConfigurationName = Release;
		};
/* End XCConfigurationList section */

/* Begin XCRemoteSwiftPackageReference section */
		621AF830249D124C00B6AA3B /* XCRemoteSwiftPackageReference "SnapKit" */ = {
			isa = XCRemoteSwiftPackageReference;
			repositoryURL = "https://github.com/SnapKit/SnapKit";
			requirement = {
				kind = upToNextMajorVersion;
				minimumVersion = 5.0.1;
			};
		};
/* End XCRemoteSwiftPackageReference section */

/* Begin XCSwiftPackageProductDependency section */
		621AF831249D124C00B6AA3B /* SnapKit */ = {
			isa = XCSwiftPackageProductDependency;
			package = 621AF830249D124C00B6AA3B /* XCRemoteSwiftPackageReference "SnapKit" */;
			productName = SnapKit;
		};
/* End XCSwiftPackageProductDependency section */
	};
	rootObject = 621AF80E249D091500B6AA3B /* Project object */;
}
